
Microsoft Visual Studio Solution File, Format Version 12.00
# Visual Studio 15
VisualStudioVersion = 15.0.26228.9
MinimumVisualStudioVersion = 10.0.40219.1
Project("{FAE04EC0-301F-11D3-BF4B-00C04F79EFBC}") = "DemoBot", "DemoBot\DemoBot.csproj", "{A35F52B9-4204-4312-8216-2DA7266D5B23}"
EndProject
Project("{FAE04EC0-301F-11D3-BF4B-00C04F79EFBC}") = "NatigaApi", "NatigaApi\NatigaApi.csproj", "{8F81F03F-1814-4DF0-8F3F-8383F4DEA8E7}"
EndProject
Global
	GlobalSection(SolutionConfigurationPlatforms) = preSolution
		Debug|Any CPU = Debug|Any CPU
		Release|Any CPU = Release|Any CPU
	EndGlobalSection
	GlobalSection(ProjectConfigurationPlatforms) = postSolution
		{A35F52B9-4204-4312-8216-2DA7266D5B23}.Debug|Any CPU.ActiveCfg = Debug|Any CPU
		{A35F52B9-4204-4312-8216-2DA7266D5B23}.Debug|Any CPU.Build.0 = Debug|Any CPU
		{A35F52B9-4204-4312-8216-2DA7266D5B23}.Release|Any CPU.ActiveCfg = Release|Any CPU
		{A35F52B9-4204-4312-8216-2DA7266D5B23}.Release|Any CPU.Build.0 = Release|Any CPU
		{8F81F03F-1814-4DF0-8F3F-8383F4DEA8E7}.Debug|Any CPU.ActiveCfg = Debug|Any CPU
		{8F81F03F-1814-4DF0-8F3F-8383F4DEA8E7}.Debug|Any CPU.Build.0 = Debug|Any CPU
		{8F81F03F-1814-4DF0-8F3F-8383F4DEA8E7}.Release|Any CPU.ActiveCfg = Release|Any CPU
		{8F81F03F-1814-4DF0-8F3F-8383F4DEA8E7}.Release|Any CPU.Build.0 = Release|Any CPU
	EndGlobalSection
	GlobalSection(SolutionProperties) = preSolution
		HideSolutionNode = FALSE
	EndGlobalSection
EndGlobal
